
Microsoft Visual Studio Solution File, Format Version 12.00
# Visual Studio 14
VisualStudioVersion = 14.0.25420.1
MinimumVisualStudioVersion = 10.0.40219.1
Project("{FAE04EC0-301F-11D3-BF4B-00C04F79EFBC}") = "HeaderFooter", "HeaderFooter.csproj", "{FC198D42-9677-407F-98EE-6881F1F27B26}"
EndProject
Global
	GlobalSection(SolutionConfigurationPlatforms) = preSolution
		Debug|Any CPU = Debug|Any CPU
		Release|Any CPU = Release|Any CPU
	EndGlobalSection
	GlobalSection(ProjectConfigurationPlatforms) = postSolution
		{FC198D42-9677-407F-98EE-6881F1F27B26}.Debug|Any CPU.ActiveCfg = Debug|Any CPU
		{FC198D42-9677-407F-98EE-6881F1F27B26}.Debug|Any CPU.Build.0 = Debug|Any CPU
		{FC198D42-9677-407F-98EE-6881F1F27B26}.Release|Any CPU.ActiveCfg = Release|Any CPU
		{FC198D42-9677-407F-98EE-6881F1F27B26}.Release|Any CPU.Build.0 = Release|Any CPU
	EndGlobalSection
	GlobalSection(SolutionProperties) = preSolution
		HideSolutionNode = FALSE
	EndGlobalSection
EndGlobal
